# This file is generated by running "yarn install" inside your project.
# Manual changes might be lost - proceed with caution!

__metadata:
  version: 8
  cacheKey: 10c0

"@prisma/client@npm:^5.7.1":
  version: 5.7.1
  resolution: "@prisma/client@npm:5.7.1"
  peerDependencies:
    prisma: "*"
  peerDependenciesMeta:
    prisma:
      optional: true
  checksum: 5eafbe3955de13620c7b661282c79e85211bb0cba950559f87e7a679ff06f5242864b0cbe6e76316eb35366ac3df9b2b02ced7cbedc238bcbc4e412d7acf3b72
  languageName: node
  linkType: hard

"@prisma/debug@npm:5.7.1":
  version: 5.7.1
  resolution: "@prisma/debug@npm:5.7.1"
  checksum: 6bad1effecd938f6dd50c65d49bb095b8f6e565357c96e93a41c904a5c83879b7282c368b46eb2cbf56d2d7b1aea5d4e98699bb551422146c082f48593fa44d6
  languageName: node
  linkType: hard

"@prisma/engines-version@npm:5.7.1-1.0ca5ccbcfa6bdc81c003cf549abe4269f59c41e5":
  version: 5.7.1-1.0ca5ccbcfa6bdc81c003cf549abe4269f59c41e5
  resolution: "@prisma/engines-version@npm:5.7.1-1.0ca5ccbcfa6bdc81c003cf549abe4269f59c41e5"
  checksum: 1975674f3c4df0917a6647f5e216d6df7d478797253e75729ea64b9ad9aa6ce80aef5c4d05c610e5342d15e83e1f9c501ca0a9c523669bc0018af3e1b2d63289
  languageName: node
  linkType: hard

"@prisma/engines@npm:5.7.1":
  version: 5.7.1
  resolution: "@prisma/engines@npm:5.7.1"
  dependencies:
    "@prisma/debug": "npm:5.7.1"
    "@prisma/engines-version": "npm:5.7.1-1.0ca5ccbcfa6bdc81c003cf549abe4269f59c41e5"
    "@prisma/fetch-engine": "npm:5.7.1"
    "@prisma/get-platform": "npm:5.7.1"
  checksum: 1d231405c0606292c819ff38504dec66274032b1ba7e560418042e88109b72d934c8fca0f0763647250b2e03c26556a13209969ad8f495d7f90b272cdd6152de
  languageName: node
  linkType: hard

"@prisma/fetch-engine@npm:5.7.1":
  version: 5.7.1
  resolution: "@prisma/fetch-engine@npm:5.7.1"
  dependencies:
    "@prisma/debug": "npm:5.7.1"
    "@prisma/engines-version": "npm:5.7.1-1.0ca5ccbcfa6bdc81c003cf549abe4269f59c41e5"
    "@prisma/get-platform": "npm:5.7.1"
  checksum: eb91db30c1378d1aedb6f42eddc616ab7eb9c33ba7f5f4ccca8908c774827216efecc3e40a55b66211bfaa81be89f2dac9adbe809d3e591ac4d39ed049825291
  languageName: node
  linkType: hard

"@prisma/get-platform@npm:5.7.1":
  version: 5.7.1
  resolution: "@prisma/get-platform@npm:5.7.1"
  dependencies:
    "@prisma/debug": "npm:5.7.1"
  checksum: 0b0cf9e36994786fc59ef4294e9b3504ec4daa130340b0187f2f86af76936c33c20d812fb4d86956827299230a1c56656818caa73996614affec7c957b17d94d
  languageName: node
  linkType: hard

"prisma-generate-repro@workspace:.":
  version: 0.0.0-use.local
  resolution: "prisma-generate-repro@workspace:."
  dependencies:
    "@prisma/client": "npm:^5.7.1"
    prisma: "npm:^5.7.1"
  languageName: unknown
  linkType: soft

"prisma@npm:^5.7.1":
  version: 5.7.1
  resolution: "prisma@npm:5.7.1"
  dependencies:
    "@prisma/engines": "npm:5.7.1"
  bin:
    prisma: build/index.js
  checksum: 16dd6a5c48d834556ae13fd3138500b10373e93398e3c3bc7111ec3359b5a42c74edf1929c024308086a2f36a871d557ce169e241b9c36177ef62be494fa8fd4
  languageName: node
  linkType: hard
